
Microsoft Visual Studio Solution File, Format Version 12.00
# Visual Studio 14
VisualStudioVersion = 14.0.25420.1
MinimumVisualStudioVersion = 10.0.40219.1
Project("{FAE04EC0-301F-11D3-BF4B-00C04F79EFBC}") = "01，ArrayList集合", "1，字典集合\01，ArrayList集合.csproj", "{7593B8DD-441D-4A58-A557-5794AEFD03C0}"
EndProject
Project("{FAE04EC0-301F-11D3-BF4B-00C04F79EFBC}") = "02，Hashtable集合", "2，Hashtable集合\02，Hashtable集合.csproj", "{E9711EFD-48B7-472C-8056-01D3ED4D3B71}"
EndProject
Project("{FAE04EC0-301F-11D3-BF4B-00C04F79EFBC}") = "03，foreach循环", "3，foreach循环\03，foreach循环.csproj", "{250A4D86-6EBE-4532-9559-E9257092313E}"
EndProject
Project("{FAE04EC0-301F-11D3-BF4B-00C04F79EFBC}") = "04，Path类", "4，Path类\04，Path类.csproj", "{38F5E62D-6266-4465-A0B7-F2C89201197F}"
EndProject
Project("{FAE04EC0-301F-11D3-BF4B-00C04F79EFBC}") = "05，File类", "5，File类\05，File类.csproj", "{20C094E0-2585-4458-BEBE-29398B22A6EC}"
EndProject
Project("{FAE04EC0-301F-11D3-BF4B-00C04F79EFBC}") = "06，Dictionary集合", "6，Dictionary集合\06，Dictionary集合.csproj", "{1FB9EA09-8617-4CFC-85CB-3C56A584E4FE}"
EndProject
Project("{FAE04EC0-301F-11D3-BF4B-00C04F79EFBC}") = "07，泛型集合", "7，泛型集合\07，泛型集合.csproj", "{25ACE1CF-A998-4699-93B3-3DAF57964C22}"
EndProject
Project("{FAE04EC0-301F-11D3-BF4B-00C04F79EFBC}") = "08，文件读写", "8，文件读写\08，文件读写.csproj", "{29B6100A-EE3D-4627-9018-928EB1435544}"
EndProject
Project("{FAE04EC0-301F-11D3-BF4B-00C04F79EFBC}") = "09，字符串方法", "9，字符串方法\09，字符串方法.csproj", "{D396D49E-D48B-4896-B24D-C8695F373CEC}"
EndProject
Project("{FAE04EC0-301F-11D3-BF4B-00C04F79EFBC}") = "10，面向对象基础", "10，面向对象基础\10，面向对象基础.csproj", "{659935C0-AF2C-4988-86DB-9E4DEA3A3414}"
EndProject
Project("{FAE04EC0-301F-11D3-BF4B-00C04F79EFBC}") = "11，继承", "11，继承\11，继承.csproj", "{37D00901-405B-4BB0-A163-4DB5565F62E1}"
EndProject
Project("{FAE04EC0-301F-11D3-BF4B-00C04F79EFBC}") = "12，文件编解码", "12，文件编解码\12，文件编解码.csproj", "{D57B950E-EF78-408C-BDD1-3972E9AB1018}"
EndProject
Project("{FAE04EC0-301F-11D3-BF4B-00C04F79EFBC}") = "13，方法", "13，方法\13，方法.csproj", "{7F76FE5B-FBD8-4560-BFDB-9A167355CB2A}"
EndProject
Project("{FAE04EC0-301F-11D3-BF4B-00C04F79EFBC}") = "14，多态之虚方法", "14，多态之虚方法\14，多态之虚方法.csproj", "{3320FFE1-EA3E-4017-BFFB-72A68789DF29}"
EndProject
Project("{FAE04EC0-301F-11D3-BF4B-00C04F79EFBC}") = "15，多态之抽象类", "15，多态之抽象类\15，多态之抽象类.csproj", "{5D3478AE-4B59-4A80-88EC-BF3C9E64796B}"
EndProject
Project("{FAE04EC0-301F-11D3-BF4B-00C04F79EFBC}") = "16，访问修饰符", "16，访问修饰符\16，访问修饰符.csproj", "{D588D953-CD62-48FF-8418-6B6EE3EB5EBD}"
EndProject
Project("{FAE04EC0-301F-11D3-BF4B-00C04F79EFBC}") = "17，工厂设计模式", "17，工厂设计模式\17，工厂设计模式.csproj", "{74BAF49B-2047-4292-A50F-286E8DBAE0A7}"
EndProject
Project("{FAE04EC0-301F-11D3-BF4B-00C04F79EFBC}") = "18，值传递和引用传递", "18，值传递和引用传递\18，值传递和引用传递.csproj", "{F5A88959-C8F5-4FCC-9D32-422654F4BD71}"
EndProject
Project("{FAE04EC0-301F-11D3-BF4B-00C04F79EFBC}") = "19，序列化与反序列化", "19，序列化与反序列化\19，序列化与反序列化.csproj", "{6C4D9DFA-2B20-45A8-9619-A918609615FD}"
EndProject
Project("{FAE04EC0-301F-11D3-BF4B-00C04F79EFBC}") = "20，部分类和密封类", "20，部分类和密封类\20，部分类和密封类.csproj", "{83A8C911-A635-4FE7-9BFD-A31E8FBC48F6}"
EndProject
Project("{FAE04EC0-301F-11D3-BF4B-00C04F79EFBC}") = "21，重写父类的ToString()", "21，重写父类的ToString()\21，重写父类的ToString().csproj", "{6B3EB659-022C-466A-B000-2A6E289DA1C4}"
EndProject
Project("{FAE04EC0-301F-11D3-BF4B-00C04F79EFBC}") = "22，多态之接口理论", "22，多态之接口理论\22，多态之接口理论.csproj", "{3152BB06-EEE7-4BE7-BD46-1670A223D18B}"
EndProject
Project("{FAE04EC0-301F-11D3-BF4B-00C04F79EFBC}") = "22，接口练习", "22，接口练习\22，接口练习.csproj", "{3F70CD50-A042-473F-8632-DBEAFB7E76E0}"
EndProject
Project("{FAE04EC0-301F-11D3-BF4B-00C04F79EFBC}") = "23，超市收银系统", "23，超市收银系统\23，超市收银系统.csproj", "{C36A14AE-D8D6-4496-9FEF-7AB2DEBBADEA}"
EndProject
Project("{FAE04EC0-301F-11D3-BF4B-00C04F79EFBC}") = "24，MD5加密", "24，MD5加密\24，MD5加密.csproj", "{BE5C5B64-A8A7-4F9A-AB81-E1BF00BB77E3}"
EndProject
Project("{FAE04EC0-301F-11D3-BF4B-00C04F79EFBC}") = "25，窗体应用程序", "25，窗体应用程序\25，窗体应用程序.csproj", "{6C8AF5BE-2C20-461D-BEFE-193E608F126D}"
EndProject
Project("{FAE04EC0-301F-11D3-BF4B-00C04F79EFBC}") = "26，Directory类", "26，Directory类\26，Directory类.csproj", "{B2315A45-EDBF-4A67-BAAF-AE30892388DA}"
EndProject
Project("{FAE04EC0-301F-11D3-BF4B-00C04F79EFBC}") = "27，进程类", "27，进程类\27，进程类.csproj", "{59FDB53A-15F3-4BBE-8010-4E7149FC52CB}"
EndProject
Project("{FAE04EC0-301F-11D3-BF4B-00C04F79EFBC}") = "28，多线程", "28，多线程\28，多线程.csproj", "{D80E1AD4-7AC5-488C-9781-869467D123E8}"
EndProject
Project("{FAE04EC0-301F-11D3-BF4B-00C04F79EFBC}") = "29，多线程执行带参数方法", "29，多线程执行带参数方法\29，多线程执行带参数方法.csproj", "{70868B10-080A-48F3-A7E8-29BF7832251E}"
EndProject
Project("{FAE04EC0-301F-11D3-BF4B-00C04F79EFBC}") = "30，Socket编程", "30，Socket编程\30，Socket编程.csproj", "{90BF6968-9745-4FAB-915B-AF933547E082}"
EndProject
Project("{FAE04EC0-301F-11D3-BF4B-00C04F79EFBC}") = "31，练习题", "31，练习题\31，练习题.csproj", "{563CA4AF-C9D8-4D41-A846-D028D4266CDD}"
EndProject
Project("{FAE04EC0-301F-11D3-BF4B-00C04F79EFBC}") = "32，复习题", "32，复习题\32，复习题.csproj", "{19E0B951-3716-45FF-815F-E8809BE4D358}"
EndProject
Project("{FAE04EC0-301F-11D3-BF4B-00C04F79EFBC}") = "33，播放器项目", "33，播放器项目\33，播放器项目.csproj", "{C13C4DF8-CF30-47B4-907B-8B81A0060ECD}"
EndProject
Project("{FAE04EC0-301F-11D3-BF4B-00C04F79EFBC}") = "34，抽象类练习", "34，抽象类练习\34，抽象类练习.csproj", "{7BECCB36-D57F-41F4-830A-27CB0379261D}"
EndProject
Project("{FAE04EC0-301F-11D3-BF4B-00C04F79EFBC}") = "35，接口复习", "35，接口复习\35，接口复习.csproj", "{03CF6513-2805-4F46-AF80-084A2D33384E}"
EndProject
Project("{FAE04EC0-301F-11D3-BF4B-00C04F79EFBC}") = "36，面向对象复习", "36，面向对象复习\36，面向对象复习.csproj", "{730AD63E-77D9-42F8-B8F4-D8F2A3983709}"
EndProject
Project("{FAE04EC0-301F-11D3-BF4B-00C04F79EFBC}") = "37，多态复习", "37，多态复习\37，多态复习.csproj", "{C46A0A9C-A4DF-4B9E-8EE7-417723D2812D}"
EndProject
Project("{FAE04EC0-301F-11D3-BF4B-00C04F79EFBC}") = "38，字符串复习", "38，字符串复习\38，字符串复习.csproj", "{DF54F4AC-F392-455F-A865-CB92CD13D0F8}"
EndProject
Project("{FAE04EC0-301F-11D3-BF4B-00C04F79EFBC}") = "39，StringBuilder", "39，StringBuilder\39，StringBuilder.csproj", "{838C251E-17A0-4D34-A0C3-E2D9A318DD21}"
EndProject
Project("{FAE04EC0-301F-11D3-BF4B-00C04F79EFBC}") = "40，集合复习", "40，集合复习\40，集合复习.csproj", "{B45A440B-8052-4DF7-B778-FCB0A04A1A7F}"
EndProject
Project("{FAE04EC0-301F-11D3-BF4B-00C04F79EFBC}") = "41，静态和非静态的区别", "41，静态和非静态的区别\41，静态和非静态的区别.csproj", "{FA96D0C4-C046-455D-ADC9-104B4D777109}"
EndProject
Project("{FAE04EC0-301F-11D3-BF4B-00C04F79EFBC}") = "42，数据库ado.net练习", "42，数据库ado.net练习\42，数据库ado.net练习.csproj", "{6A277CF1-20A8-45D3-889F-1D19D067BE63}"
EndProject
Project("{FAE04EC0-301F-11D3-BF4B-00C04F79EFBC}") = "43，单例模式", "43，单例模式\43，单例模式.csproj", "{128AF677-5956-4CC3-AEA2-4696EC509AED}"
EndProject
Project("{FAE04EC0-301F-11D3-BF4B-00C04F79EFBC}") = "44，XML文档", "44，XML文档\44，XML文档.csproj", "{701A1DDC-8203-4783-ADCA-5C711B222891}"
EndProject
Project("{FAE04EC0-301F-11D3-BF4B-00C04F79EFBC}") = "45，xml文档基本操作", "45，xml文档基本操作\45，xml文档基本操作.csproj", "{4CF993A0-5C88-45A2-8E09-618ED62E579B}"
EndProject
Project("{FAE04EC0-301F-11D3-BF4B-00C04F79EFBC}") = "46，委托语法", "46，委托语法\46，委托语法.csproj", "{6F042266-F863-47BB-AD7C-2D1FD4D75DEA}"
EndProject
Project("{FAE04EC0-301F-11D3-BF4B-00C04F79EFBC}") = "47，委托练习", "47，委托练习\47，委托练习.csproj", "{074430F9-F3F8-4E28-B445-193628224BA9}"
EndProject
Project("{FAE04EC0-301F-11D3-BF4B-00C04F79EFBC}") = "48，lamda表达式", "48，lamda表达式\48，lamda表达式.csproj", "{18D02A46-5B05-4777-BD3A-DF5D5D08C5EF}"
EndProject
Global
	GlobalSection(SolutionConfigurationPlatforms) = preSolution
		Debug|Any CPU = Debug|Any CPU
		Release|Any CPU = Release|Any CPU
	EndGlobalSection
	GlobalSection(ProjectConfigurationPlatforms) = postSolution
		{7593B8DD-441D-4A58-A557-5794AEFD03C0}.Debug|Any CPU.ActiveCfg = Debug|Any CPU
		{7593B8DD-441D-4A58-A557-5794AEFD03C0}.Debug|Any CPU.Build.0 = Debug|Any CPU
		{7593B8DD-441D-4A58-A557-5794AEFD03C0}.Release|Any CPU.ActiveCfg = Release|Any CPU
		{7593B8DD-441D-4A58-A557-5794AEFD03C0}.Release|Any CPU.Build.0 = Release|Any CPU
		{E9711EFD-48B7-472C-8056-01D3ED4D3B71}.Debug|Any CPU.ActiveCfg = Debug|Any CPU
		{E9711EFD-48B7-472C-8056-01D3ED4D3B71}.Debug|Any CPU.Build.0 = Debug|Any CPU
		{E9711EFD-48B7-472C-8056-01D3ED4D3B71}.Release|Any CPU.ActiveCfg = Release|Any CPU
		{E9711EFD-48B7-472C-8056-01D3ED4D3B71}.Release|Any CPU.Build.0 = Release|Any CPU
		{250A4D86-6EBE-4532-9559-E9257092313E}.Debug|Any CPU.ActiveCfg = Debug|Any CPU
		{250A4D86-6EBE-4532-9559-E9257092313E}.Debug|Any CPU.Build.0 = Debug|Any CPU
		{250A4D86-6EBE-4532-9559-E9257092313E}.Release|Any CPU.ActiveCfg = Release|Any CPU
		{250A4D86-6EBE-4532-9559-E9257092313E}.Release|Any CPU.Build.0 = Release|Any CPU
		{38F5E62D-6266-4465-A0B7-F2C89201197F}.Debug|Any CPU.ActiveCfg = Debug|Any CPU
		{38F5E62D-6266-4465-A0B7-F2C89201197F}.Debug|Any CPU.Build.0 = Debug|Any CPU
		{38F5E62D-6266-4465-A0B7-F2C89201197F}.Release|Any CPU.ActiveCfg = Release|Any CPU
		{38F5E62D-6266-4465-A0B7-F2C89201197F}.Release|Any CPU.Build.0 = Release|Any CPU
		{20C094E0-2585-4458-BEBE-29398B22A6EC}.Debug|Any CPU.ActiveCfg = Debug|Any CPU
		{20C094E0-2585-4458-BEBE-29398B22A6EC}.Debug|Any CPU.Build.0 = Debug|Any CPU
		{20C094E0-2585-4458-BEBE-29398B22A6EC}.Release|Any CPU.ActiveCfg = Release|Any CPU
		{20C094E0-2585-4458-BEBE-29398B22A6EC}.Release|Any CPU.Build.0 = Release|Any CPU
		{1FB9EA09-8617-4CFC-85CB-3C56A584E4FE}.Debug|Any CPU.ActiveCfg = Debug|Any CPU
		{1FB9EA09-8617-4CFC-85CB-3C56A584E4FE}.Debug|Any CPU.Build.0 = Debug|Any CPU
		{1FB9EA09-8617-4CFC-85CB-3C56A584E4FE}.Release|Any CPU.ActiveCfg = Release|Any CPU
		{1FB9EA09-8617-4CFC-85CB-3C56A584E4FE}.Release|Any CPU.Build.0 = Release|Any CPU
		{25ACE1CF-A998-4699-93B3-3DAF57964C22}.Debug|Any CPU.ActiveCfg = Debug|Any CPU
		{25ACE1CF-A998-4699-93B3-3DAF57964C22}.Debug|Any CPU.Build.0 = Debug|Any CPU
		{25ACE1CF-A998-4699-93B3-3DAF57964C22}.Release|Any CPU.ActiveCfg = Release|Any CPU
		{25ACE1CF-A998-4699-93B3-3DAF57964C22}.Release|Any CPU.Build.0 = Release|Any CPU
		{29B6100A-EE3D-4627-9018-928EB1435544}.Debug|Any CPU.ActiveCfg = Debug|Any CPU
		{29B6100A-EE3D-4627-9018-928EB1435544}.Debug|Any CPU.Build.0 = Debug|Any CPU
		{29B6100A-EE3D-4627-9018-928EB1435544}.Release|Any CPU.ActiveCfg = Release|Any CPU
		{29B6100A-EE3D-4627-9018-928EB1435544}.Release|Any CPU.Build.0 = Release|Any CPU
		{D396D49E-D48B-4896-B24D-C8695F373CEC}.Debug|Any CPU.ActiveCfg = Debug|Any CPU
		{D396D49E-D48B-4896-B24D-C8695F373CEC}.Debug|Any CPU.Build.0 = Debug|Any CPU
		{D396D49E-D48B-4896-B24D-C8695F373CEC}.Release|Any CPU.ActiveCfg = Release|Any CPU
		{D396D49E-D48B-4896-B24D-C8695F373CEC}.Release|Any CPU.Build.0 = Release|Any CPU
		{659935C0-AF2C-4988-86DB-9E4DEA3A3414}.Debug|Any CPU.ActiveCfg = Debug|Any CPU
		{659935C0-AF2C-4988-86DB-9E4DEA3A3414}.Debug|Any CPU.Build.0 = Debug|Any CPU
		{659935C0-AF2C-4988-86DB-9E4DEA3A3414}.Release|Any CPU.ActiveCfg = Release|Any CPU
		{659935C0-AF2C-4988-86DB-9E4DEA3A3414}.Release|Any CPU.Build.0 = Release|Any CPU
		{37D00901-405B-4BB0-A163-4DB5565F62E1}.Debug|Any CPU.ActiveCfg = Debug|Any CPU
		{37D00901-405B-4BB0-A163-4DB5565F62E1}.Debug|Any CPU.Build.0 = Debug|Any CPU
		{37D00901-405B-4BB0-A163-4DB5565F62E1}.Release|Any CPU.ActiveCfg = Release|Any CPU
		{37D00901-405B-4BB0-A163-4DB5565F62E1}.Release|Any CPU.Build.0 = Release|Any CPU
		{D57B950E-EF78-408C-BDD1-3972E9AB1018}.Debug|Any CPU.ActiveCfg = Debug|Any CPU
		{D57B950E-EF78-408C-BDD1-3972E9AB1018}.Debug|Any CPU.Build.0 = Debug|Any CPU
		{D57B950E-EF78-408C-BDD1-3972E9AB1018}.Release|Any CPU.ActiveCfg = Release|Any CPU
		{D57B950E-EF78-408C-BDD1-3972E9AB1018}.Release|Any CPU.Build.0 = Release|Any CPU
		{7F76FE5B-FBD8-4560-BFDB-9A167355CB2A}.Debug|Any CPU.ActiveCfg = Debug|Any CPU
		{7F76FE5B-FBD8-4560-BFDB-9A167355CB2A}.Debug|Any CPU.Build.0 = Debug|Any CPU
		{7F76FE5B-FBD8-4560-BFDB-9A167355CB2A}.Release|Any CPU.ActiveCfg = Release|Any CPU
		{7F76FE5B-FBD8-4560-BFDB-9A167355CB2A}.Release|Any CPU.Build.0 = Release|Any CPU
		{3320FFE1-EA3E-4017-BFFB-72A68789DF29}.Debug|Any CPU.ActiveCfg = Debug|Any CPU
		{3320FFE1-EA3E-4017-BFFB-72A68789DF29}.Debug|Any CPU.Build.0 = Debug|Any CPU
		{3320FFE1-EA3E-4017-BFFB-72A68789DF29}.Release|Any CPU.ActiveCfg = Release|Any CPU
		{3320FFE1-EA3E-4017-BFFB-72A68789DF29}.Release|Any CPU.Build.0 = Release|Any CPU
		{5D3478AE-4B59-4A80-88EC-BF3C9E64796B}.Debug|Any CPU.ActiveCfg = Debug|Any CPU
		{5D3478AE-4B59-4A80-88EC-BF3C9E64796B}.Debug|Any CPU.Build.0 = Debug|Any CPU
		{5D3478AE-4B59-4A80-88EC-BF3C9E64796B}.Release|Any CPU.ActiveCfg = Release|Any CPU
		{5D3478AE-4B59-4A80-88EC-BF3C9E64796B}.Release|Any CPU.Build.0 = Release|Any CPU
		{D588D953-CD62-48FF-8418-6B6EE3EB5EBD}.Debug|Any CPU.ActiveCfg = Debug|Any CPU
		{D588D953-CD62-48FF-8418-6B6EE3EB5EBD}.Debug|Any CPU.Build.0 = Debug|Any CPU
		{D588D953-CD62-48FF-8418-6B6EE3EB5EBD}.Release|Any CPU.ActiveCfg = Release|Any CPU
		{D588D953-CD62-48FF-8418-6B6EE3EB5EBD}.Release|Any CPU.Build.0 = Release|Any CPU
		{74BAF49B-2047-4292-A50F-286E8DBAE0A7}.Debug|Any CPU.ActiveCfg = Debug|Any CPU
		{74BAF49B-2047-4292-A50F-286E8DBAE0A7}.Debug|Any CPU.Build.0 = Debug|Any CPU
		{74BAF49B-2047-4292-A50F-286E8DBAE0A7}.Release|Any CPU.ActiveCfg = Release|Any CPU
		{74BAF49B-2047-4292-A50F-286E8DBAE0A7}.Release|Any CPU.Build.0 = Release|Any CPU
		{F5A88959-C8F5-4FCC-9D32-422654F4BD71}.Debug|Any CPU.ActiveCfg = Debug|Any CPU
		{F5A88959-C8F5-4FCC-9D32-422654F4BD71}.Debug|Any CPU.Build.0 = Debug|Any CPU
		{F5A88959-C8F5-4FCC-9D32-422654F4BD71}.Release|Any CPU.ActiveCfg = Release|Any CPU
		{F5A88959-C8F5-4FCC-9D32-422654F4BD71}.Release|Any CPU.Build.0 = Release|Any CPU
		{6C4D9DFA-2B20-45A8-9619-A918609615FD}.Debug|Any CPU.ActiveCfg = Debug|Any CPU
		{6C4D9DFA-2B20-45A8-9619-A918609615FD}.Debug|Any CPU.Build.0 = Debug|Any CPU
		{6C4D9DFA-2B20-45A8-9619-A918609615FD}.Release|Any CPU.ActiveCfg = Release|Any CPU
		{6C4D9DFA-2B20-45A8-9619-A918609615FD}.Release|Any CPU.Build.0 = Release|Any CPU
		{83A8C911-A635-4FE7-9BFD-A31E8FBC48F6}.Debug|Any CPU.ActiveCfg = Debug|Any CPU
		{83A8C911-A635-4FE7-9BFD-A31E8FBC48F6}.Debug|Any CPU.Build.0 = Debug|Any CPU
		{83A8C911-A635-4FE7-9BFD-A31E8FBC48F6}.Release|Any CPU.ActiveCfg = Release|Any CPU
		{83A8C911-A635-4FE7-9BFD-A31E8FBC48F6}.Release|Any CPU.Build.0 = Release|Any CPU
		{6B3EB659-022C-466A-B000-2A6E289DA1C4}.Debug|Any CPU.ActiveCfg = Debug|Any CPU
		{6B3EB659-022C-466A-B000-2A6E289DA1C4}.Debug|Any CPU.Build.0 = Debug|Any CPU
		{6B3EB659-022C-466A-B000-2A6E289DA1C4}.Release|Any CPU.ActiveCfg = Release|Any CPU
		{6B3EB659-022C-466A-B000-2A6E289DA1C4}.Release|Any CPU.Build.0 = Release|Any CPU
		{3152BB06-EEE7-4BE7-BD46-1670A223D18B}.Debug|Any CPU.ActiveCfg = Debug|Any CPU
		{3152BB06-EEE7-4BE7-BD46-1670A223D18B}.Debug|Any CPU.Build.0 = Debug|Any CPU
		{3152BB06-EEE7-4BE7-BD46-1670A223D18B}.Release|Any CPU.ActiveCfg = Release|Any CPU
		{3152BB06-EEE7-4BE7-BD46-1670A223D18B}.Release|Any CPU.Build.0 = Release|Any CPU
		{3F70CD50-A042-473F-8632-DBEAFB7E76E0}.Debug|Any CPU.ActiveCfg = Debug|Any CPU
		{3F70CD50-A042-473F-8632-DBEAFB7E76E0}.Debug|Any CPU.Build.0 = Debug|Any CPU
		{3F70CD50-A042-473F-8632-DBEAFB7E76E0}.Release|Any CPU.ActiveCfg = Release|Any CPU
		{3F70CD50-A042-473F-8632-DBEAFB7E76E0}.Release|Any CPU.Build.0 = Release|Any CPU
		{C36A14AE-D8D6-4496-9FEF-7AB2DEBBADEA}.Debug|Any CPU.ActiveCfg = Debug|Any CPU
		{C36A14AE-D8D6-4496-9FEF-7AB2DEBBADEA}.Debug|Any CPU.Build.0 = Debug|Any CPU
		{C36A14AE-D8D6-4496-9FEF-7AB2DEBBADEA}.Release|Any CPU.ActiveCfg = Release|Any CPU
		{C36A14AE-D8D6-4496-9FEF-7AB2DEBBADEA}.Release|Any CPU.Build.0 = Release|Any CPU
		{BE5C5B64-A8A7-4F9A-AB81-E1BF00BB77E3}.Debug|Any CPU.ActiveCfg = Debug|Any CPU
		{BE5C5B64-A8A7-4F9A-AB81-E1BF00BB77E3}.Debug|Any CPU.Build.0 = Debug|Any CPU
		{BE5C5B64-A8A7-4F9A-AB81-E1BF00BB77E3}.Release|Any CPU.ActiveCfg = Release|Any CPU
		{BE5C5B64-A8A7-4F9A-AB81-E1BF00BB77E3}.Release|Any CPU.Build.0 = Release|Any CPU
		{6C8AF5BE-2C20-461D-BEFE-193E608F126D}.Debug|Any CPU.ActiveCfg = Debug|Any CPU
		{6C8AF5BE-2C20-461D-BEFE-193E608F126D}.Debug|Any CPU.Build.0 = Debug|Any CPU
		{6C8AF5BE-2C20-461D-BEFE-193E608F126D}.Release|Any CPU.ActiveCfg = Release|Any CPU
		{6C8AF5BE-2C20-461D-BEFE-193E608F126D}.Release|Any CPU.Build.0 = Release|Any CPU
		{B2315A45-EDBF-4A67-BAAF-AE30892388DA}.Debug|Any CPU.ActiveCfg = Debug|Any CPU
		{B2315A45-EDBF-4A67-BAAF-AE30892388DA}.Debug|Any CPU.Build.0 = Debug|Any CPU
		{B2315A45-EDBF-4A67-BAAF-AE30892388DA}.Release|Any CPU.ActiveCfg = Release|Any CPU
		{B2315A45-EDBF-4A67-BAAF-AE30892388DA}.Release|Any CPU.Build.0 = Release|Any CPU
		{59FDB53A-15F3-4BBE-8010-4E7149FC52CB}.Debug|Any CPU.ActiveCfg = Debug|Any CPU
		{59FDB53A-15F3-4BBE-8010-4E7149FC52CB}.Debug|Any CPU.Build.0 = Debug|Any CPU
		{59FDB53A-15F3-4BBE-8010-4E7149FC52CB}.Release|Any CPU.ActiveCfg = Release|Any CPU
		{59FDB53A-15F3-4BBE-8010-4E7149FC52CB}.Release|Any CPU.Build.0 = Release|Any CPU
		{D80E1AD4-7AC5-488C-9781-869467D123E8}.Debug|Any CPU.ActiveCfg = Debug|Any CPU
		{D80E1AD4-7AC5-488C-9781-869467D123E8}.Debug|Any CPU.Build.0 = Debug|Any CPU
		{D80E1AD4-7AC5-488C-9781-869467D123E8}.Release|Any CPU.ActiveCfg = Release|Any CPU
		{D80E1AD4-7AC5-488C-9781-869467D123E8}.Release|Any CPU.Build.0 = Release|Any CPU
		{70868B10-080A-48F3-A7E8-29BF7832251E}.Debug|Any CPU.ActiveCfg = Debug|Any CPU
		{70868B10-080A-48F3-A7E8-29BF7832251E}.Debug|Any CPU.Build.0 = Debug|Any CPU
		{70868B10-080A-48F3-A7E8-29BF7832251E}.Release|Any CPU.ActiveCfg = Release|Any CPU
		{70868B10-080A-48F3-A7E8-29BF7832251E}.Release|Any CPU.Build.0 = Release|Any CPU
		{90BF6968-9745-4FAB-915B-AF933547E082}.Debug|Any CPU.ActiveCfg = Debug|Any CPU
		{90BF6968-9745-4FAB-915B-AF933547E082}.Debug|Any CPU.Build.0 = Debug|Any CPU
		{90BF6968-9745-4FAB-915B-AF933547E082}.Release|Any CPU.ActiveCfg = Release|Any CPU
		{90BF6968-9745-4FAB-915B-AF933547E082}.Release|Any CPU.Build.0 = Release|Any CPU
		{563CA4AF-C9D8-4D41-A846-D028D4266CDD}.Debug|Any CPU.ActiveCfg = Debug|Any CPU
		{563CA4AF-C9D8-4D41-A846-D028D4266CDD}.Debug|Any CPU.Build.0 = Debug|Any CPU
		{563CA4AF-C9D8-4D41-A846-D028D4266CDD}.Release|Any CPU.ActiveCfg = Release|Any CPU
		{563CA4AF-C9D8-4D41-A846-D028D4266CDD}.Release|Any CPU.Build.0 = Release|Any CPU
		{19E0B951-3716-45FF-815F-E8809BE4D358}.Debug|Any CPU.ActiveCfg = Debug|Any CPU
		{19E0B951-3716-45FF-815F-E8809BE4D358}.Debug|Any CPU.Build.0 = Debug|Any CPU
		{19E0B951-3716-45FF-815F-E8809BE4D358}.Release|Any CPU.ActiveCfg = Release|Any CPU
		{19E0B951-3716-45FF-815F-E8809BE4D358}.Release|Any CPU.Build.0 = Release|Any CPU
		{C13C4DF8-CF30-47B4-907B-8B81A0060ECD}.Debug|Any CPU.ActiveCfg = Debug|Any CPU
		{C13C4DF8-CF30-47B4-907B-8B81A0060ECD}.Debug|Any CPU.Build.0 = Debug|Any CPU
		{C13C4DF8-CF30-47B4-907B-8B81A0060ECD}.Release|Any CPU.ActiveCfg = Release|Any CPU
		{C13C4DF8-CF30-47B4-907B-8B81A0060ECD}.Release|Any CPU.Build.0 = Release|Any CPU
		{7BECCB36-D57F-41F4-830A-27CB0379261D}.Debug|Any CPU.ActiveCfg = Debug|Any CPU
		{7BECCB36-D57F-41F4-830A-27CB0379261D}.Debug|Any CPU.Build.0 = Debug|Any CPU
		{7BECCB36-D57F-41F4-830A-27CB0379261D}.Release|Any CPU.ActiveCfg = Release|Any CPU
		{7BECCB36-D57F-41F4-830A-27CB0379261D}.Release|Any CPU.Build.0 = Release|Any CPU
		{03CF6513-2805-4F46-AF80-084A2D33384E}.Debug|Any CPU.ActiveCfg = Debug|Any CPU
		{03CF6513-2805-4F46-AF80-084A2D33384E}.Debug|Any CPU.Build.0 = Debug|Any CPU
		{03CF6513-2805-4F46-AF80-084A2D33384E}.Release|Any CPU.ActiveCfg = Release|Any CPU
		{03CF6513-2805-4F46-AF80-084A2D33384E}.Release|Any CPU.Build.0 = Release|Any CPU
		{730AD63E-77D9-42F8-B8F4-D8F2A3983709}.Debug|Any CPU.ActiveCfg = Debug|Any CPU
		{730AD63E-77D9-42F8-B8F4-D8F2A3983709}.Debug|Any CPU.Build.0 = Debug|Any CPU
		{730AD63E-77D9-42F8-B8F4-D8F2A3983709}.Release|Any CPU.ActiveCfg = Release|Any CPU
		{730AD63E-77D9-42F8-B8F4-D8F2A3983709}.Release|Any CPU.Build.0 = Release|Any CPU
		{C46A0A9C-A4DF-4B9E-8EE7-417723D2812D}.Debug|Any CPU.ActiveCfg = Debug|Any CPU
		{C46A0A9C-A4DF-4B9E-8EE7-417723D2812D}.Debug|Any CPU.Build.0 = Debug|Any CPU
		{C46A0A9C-A4DF-4B9E-8EE7-417723D2812D}.Release|Any CPU.ActiveCfg = Release|Any CPU
		{C46A0A9C-A4DF-4B9E-8EE7-417723D2812D}.Release|Any CPU.Build.0 = Release|Any CPU
		{DF54F4AC-F392-455F-A865-CB92CD13D0F8}.Debug|Any CPU.ActiveCfg = Debug|Any CPU
		{DF54F4AC-F392-455F-A865-CB92CD13D0F8}.Debug|Any CPU.Build.0 = Debug|Any CPU
		{DF54F4AC-F392-455F-A865-CB92CD13D0F8}.Release|Any CPU.ActiveCfg = Release|Any CPU
		{DF54F4AC-F392-455F-A865-CB92CD13D0F8}.Release|Any CPU.Build.0 = Release|Any CPU
		{838C251E-17A0-4D34-A0C3-E2D9A318DD21}.Debug|Any CPU.ActiveCfg = Debug|Any CPU
		{838C251E-17A0-4D34-A0C3-E2D9A318DD21}.Debug|Any CPU.Build.0 = Debug|Any CPU
		{838C251E-17A0-4D34-A0C3-E2D9A318DD21}.Release|Any CPU.ActiveCfg = Release|Any CPU
		{838C251E-17A0-4D34-A0C3-E2D9A318DD21}.Release|Any CPU.Build.0 = Release|Any CPU
		{B45A440B-8052-4DF7-B778-FCB0A04A1A7F}.Debug|Any CPU.ActiveCfg = Debug|Any CPU
		{B45A440B-8052-4DF7-B778-FCB0A04A1A7F}.Debug|Any CPU.Build.0 = Debug|Any CPU
		{B45A440B-8052-4DF7-B778-FCB0A04A1A7F}.Release|Any CPU.ActiveCfg = Release|Any CPU
		{B45A440B-8052-4DF7-B778-FCB0A04A1A7F}.Release|Any CPU.Build.0 = Release|Any CPU
		{FA96D0C4-C046-455D-ADC9-104B4D777109}.Debug|Any CPU.ActiveCfg = Debug|Any CPU
		{FA96D0C4-C046-455D-ADC9-104B4D777109}.Debug|Any CPU.Build.0 = Debug|Any CPU
		{FA96D0C4-C046-455D-ADC9-104B4D777109}.Release|Any CPU.ActiveCfg = Release|Any CPU
		{FA96D0C4-C046-455D-ADC9-104B4D777109}.Release|Any CPU.Build.0 = Release|Any CPU
		{6A277CF1-20A8-45D3-889F-1D19D067BE63}.Debug|Any CPU.ActiveCfg = Debug|Any CPU
		{6A277CF1-20A8-45D3-889F-1D19D067BE63}.Debug|Any CPU.Build.0 = Debug|Any CPU
		{6A277CF1-20A8-45D3-889F-1D19D067BE63}.Release|Any CPU.ActiveCfg = Release|Any CPU
		{6A277CF1-20A8-45D3-889F-1D19D067BE63}.Release|Any CPU.Build.0 = Release|Any CPU
		{128AF677-5956-4CC3-AEA2-4696EC509AED}.Debug|Any CPU.ActiveCfg = Debug|Any CPU
		{128AF677-5956-4CC3-AEA2-4696EC509AED}.Debug|Any CPU.Build.0 = Debug|Any CPU
		{128AF677-5956-4CC3-AEA2-4696EC509AED}.Release|Any CPU.ActiveCfg = Release|Any CPU
		{128AF677-5956-4CC3-AEA2-4696EC509AED}.Release|Any CPU.Build.0 = Release|Any CPU
		{701A1DDC-8203-4783-ADCA-5C711B222891}.Debug|Any CPU.ActiveCfg = Debug|Any CPU
		{701A1DDC-8203-4783-ADCA-5C711B222891}.Debug|Any CPU.Build.0 = Debug|Any CPU
		{701A1DDC-8203-4783-ADCA-5C711B222891}.Release|Any CPU.ActiveCfg = Release|Any CPU
		{701A1DDC-8203-4783-ADCA-5C711B222891}.Release|Any CPU.Build.0 = Release|Any CPU
		{4CF993A0-5C88-45A2-8E09-618ED62E579B}.Debug|Any CPU.ActiveCfg = Debug|Any CPU
		{4CF993A0-5C88-45A2-8E09-618ED62E579B}.Debug|Any CPU.Build.0 = Debug|Any CPU
		{4CF993A0-5C88-45A2-8E09-618ED62E579B}.Release|Any CPU.ActiveCfg = Release|Any CPU
		{4CF993A0-5C88-45A2-8E09-618ED62E579B}.Release|Any CPU.Build.0 = Release|Any CPU
		{6F042266-F863-47BB-AD7C-2D1FD4D75DEA}.Debug|Any CPU.ActiveCfg = Debug|Any CPU
		{6F042266-F863-47BB-AD7C-2D1FD4D75DEA}.Debug|Any CPU.Build.0 = Debug|Any CPU
		{6F042266-F863-47BB-AD7C-2D1FD4D75DEA}.Release|Any CPU.ActiveCfg = Release|Any CPU
		{6F042266-F863-47BB-AD7C-2D1FD4D75DEA}.Release|Any CPU.Build.0 = Release|Any CPU
		{074430F9-F3F8-4E28-B445-193628224BA9}.Debug|Any CPU.ActiveCfg = Debug|Any CPU
		{074430F9-F3F8-4E28-B445-193628224BA9}.Debug|Any CPU.Build.0 = Debug|Any CPU
		{074430F9-F3F8-4E28-B445-193628224BA9}.Release|Any CPU.ActiveCfg = Release|Any CPU
		{074430F9-F3F8-4E28-B445-193628224BA9}.Release|Any CPU.Build.0 = Release|Any CPU
		{18D02A46-5B05-4777-BD3A-DF5D5D08C5EF}.Debug|Any CPU.ActiveCfg = Debug|Any CPU
		{18D02A46-5B05-4777-BD3A-DF5D5D08C5EF}.Debug|Any CPU.Build.0 = Debug|Any CPU
		{18D02A46-5B05-4777-BD3A-DF5D5D08C5EF}.Release|Any CPU.ActiveCfg = Release|Any CPU
		{18D02A46-5B05-4777-BD3A-DF5D5D08C5EF}.Release|Any CPU.Build.0 = Release|Any CPU
	EndGlobalSection
	GlobalSection(SolutionProperties) = preSolution
		HideSolutionNode = FALSE
	EndGlobalSection
EndGlobal
